
Microsoft Visual Studio Solution File, Format Version 12.00
# Visual Studio Version 16
VisualStudioVersion = 16.0.30503.244
MinimumVisualStudioVersion = 10.0.40219.1
Project("{FAE04EC0-301F-11D3-BF4B-00C04F79EFBC}") = "Sinhvien5tot", "Sinhvien5tot.csproj", "{5B17C99E-0EEC-4A07-906D-062CCB16214E}"
EndProject
Global
	GlobalSection(SolutionConfigurationPlatforms) = preSolution
		Debug|Any CPU = Debug|Any CPU
		Release|Any CPU = Release|Any CPU
	EndGlobalSection
	GlobalSection(ProjectConfigurationPlatforms) = postSolution
		{5B17C99E-0EEC-4A07-906D-062CCB16214E}.Debug|Any CPU.ActiveCfg = Debug|Any CPU
		{5B17C99E-0EEC-4A07-906D-062CCB16214E}.Debug|Any CPU.Build.0 = Debug|Any CPU
		{5B17C99E-0EEC-4A07-906D-062CCB16214E}.Release|Any CPU.ActiveCfg = Release|Any CPU
		{5B17C99E-0EEC-4A07-906D-062CCB16214E}.Release|Any CPU.Build.0 = Release|Any CPU
	EndGlobalSection
	GlobalSection(SolutionProperties) = preSolution
		HideSolutionNode = FALSE
	EndGlobalSection
	GlobalSection(ExtensibilityGlobals) = postSolution
		SolutionGuid = {32C9DCD1-3B68-40CE-B4E0-99475D85D7FF}
	EndGlobalSection
EndGlobal
